// !$*UTF8*$!
{
	archiveVersion = 1;
	classes = {
	};
	objectVersion = 48;
	objects = {

/* Begin PBXBuildFile section */
		6A50B64624B6559B00C208E9 /* AppDelegate.swift in Sources */ = {isa = PBXBuildFile; fileRef = 6A50B64524B6559B00C208E9 /* AppDelegate.swift */; };
		6A50B64824B6559B00C208E9 /* ViewController.swift in Sources */ = {isa = PBXBuildFile; fileRef = 6A50B64724B6559B00C208E9 /* ViewController.swift */; };
		6A50B64B24B6559B00C208E9 /* Main.storyboard in Resources */ = {isa = PBXBuildFile; fileRef = 6A50B64924B6559B00C208E9 /* Main.storyboard */; };
		6A50B64D24B6559B00C208E9 /* Assets.xcassets in Resources */ = {isa = PBXBuildFile; fileRef = 6A50B64C24B6559B00C208E9 /* Assets.xcassets */; };
		6A50B65024B6559B00C208E9 /* LaunchScreen.storyboard in Resources */ = {isa = PBXBuildFile; fileRef = 6A50B64E24B6559B00C208E9 /* LaunchScreen.storyboard */; };
		6A620B9724B685C4001A918D /* icons8-open-book-100.png in Resources */ = {isa = PBXBuildFile; fileRef = 6A620B9624B685C4001A918D /* icons8-open-book-100.png */; };
		6A620B9F24B6917B001A918D /* b79903ebc370102ad05c29d79ee5a01d.jpg in Resources */ = {isa = PBXBuildFile; fileRef = 6A620B9E24B6917B001A918D /* b79903ebc370102ad05c29d79ee5a01d.jpg */; };
		6A6D8AEC24B694D900F94A43 /* books-xl.png in Resources */ = {isa = PBXBuildFile; fileRef = 6A6D8AEB24B694D900F94A43 /* books-xl.png */; };
		6A6D8AEE24B6987000F94A43 /* 107375147_272833843994700_6099924732379269589_n.jpg in Resources */ = {isa = PBXBuildFile; fileRef = 6A6D8AED24B6986F00F94A43 /* 107375147_272833843994700_6099924732379269589_n.jpg */; };
		6A6D8AF224B6A92D00F94A43 /* Lista.storyboard in Resources */ = {isa = PBXBuildFile; fileRef = 6A6D8AF124B6A92D00F94A43 /* Lista.storyboard */; };
		6A6D8AF424B6AB6E00F94A43 /* ShtoLibrin.storyboard in Resources */ = {isa = PBXBuildFile; fileRef = 6A6D8AF324B6AB6E00F94A43 /* ShtoLibrin.storyboard */; };
		6A6D8AF624B6AF7500F94A43 /* icons8-back-50.png in Resources */ = {isa = PBXBuildFile; fileRef = 6A6D8AF524B6AF7500F94A43 /* icons8-back-50.png */; };
/* End PBXBuildFile section */

/* Begin PBXFileReference section */
		6A50B64224B6559B00C208E9 /* LibriM.app */ = {isa = PBXFileReference; explicitFileType = wrapper.application; includeInIndex = 0; path = LibriM.app; sourceTree = BUILT_PRODUCTS_DIR; };
		6A50B64524B6559B00C208E9 /* AppDelegate.swift */ = {isa = PBXFileReference; lastKnownFileType = sourcecode.swift; path = AppDelegate.swift; sourceTree = "<group>"; };
		6A50B64724B6559B00C208E9 /* ViewController.swift */ = {isa = PBXFileReference; lastKnownFileType = sourcecode.swift; path = ViewController.swift; sourceTree = "<group>"; };
		6A50B64A24B6559B00C208E9 /* Base */ = {isa = PBXFileReference; lastKnownFileType = file.storyboard; name = Base; path = Base.lproj/Main.storyboard; sourceTree = "<group>"; };
		6A50B64C24B6559B00C208E9 /* Assets.xcassets */ = {isa = PBXFileReference; lastKnownFileType = folder.assetcatalog; path = Assets.xcassets; sourceTree = "<group>"; };
		6A50B64F24B6559B00C208E9 /* Base */ = {isa = PBXFileReference; lastKnownFileType = file.storyboard; name = Base; path = Base.lproj/LaunchScreen.storyboard; sourceTree = "<group>"; };
		6A50B65124B6559B00C208E9 /* Info.plist */ = {isa = PBXFileReference; lastKnownFileType = text.plist.xml; path = Info.plist; sourceTree = "<group>"; };
		6A620B9624B685C4001A918D /* icons8-open-book-100.png */ = {isa = PBXFileReference; lastKnownFileType = image.png; name = "icons8-open-book-100.png"; path = "../../Downloads/icons8-open-book-100.png"; sourceTree = "<group>"; };
		6A620B9924B68CE3001A918D /* icons8-open-book-100.png */ = {isa = PBXFileReference; lastKnownFileType = image.png; path = "icons8-open-book-100.png"; sourceTree = "<group>"; };
		6A620B9E24B6917B001A918D /* b79903ebc370102ad05c29d79ee5a01d.jpg */ = {isa = PBXFileReference; lastKnownFileType = image.jpeg; name = b79903ebc370102ad05c29d79ee5a01d.jpg; path = ../../../Downloads/b79903ebc370102ad05c29d79ee5a01d.jpg; sourceTree = "<group>"; };
		6A6D8AEB24B694D900F94A43 /* books-xl.png */ = {isa = PBXFileReference; lastKnownFileType = image.png; name = "books-xl.png"; path = "../../../Downloads/books-xl.png"; sourceTree = "<group>"; };
		6A6D8AED24B6986F00F94A43 /* 107375147_272833843994700_6099924732379269589_n.jpg */ = {isa = PBXFileReference; lastKnownFileType = image.jpeg; name = 107375147_272833843994700_6099924732379269589_n.jpg; path = ../../../Downloads/107375147_272833843994700_6099924732379269589_n.jpg; sourceTree = "<group>"; };
		6A6D8AF124B6A92D00F94A43 /* Lista.storyboard */ = {isa = PBXFileReference; lastKnownFileType = file.storyboard; path = Lista.storyboard; sourceTree = "<group>"; };
		6A6D8AF324B6AB6E00F94A43 /* ShtoLibrin.storyboard */ = {isa = PBXFileReference; lastKnownFileType = file.storyboard; path = ShtoLibrin.storyboard; sourceTree = "<group>"; };
		6A6D8AF524B6AF7500F94A43 /* icons8-back-50.png */ = {isa = PBXFileReference; lastKnownFileType = image.png; name = "icons8-back-50.png"; path = "../../Downloads/icons8-back-50.png"; sourceTree = "<group>"; };
		6A6D8AF724B6AF7A00F94A43 /* icons8-back-50.png */ = {isa = PBXFileReference; lastKnownFileType = image.png; path = "icons8-back-50.png"; sourceTree = "<group>"; };
/* End PBXFileReference section */

/* Begin PBXFrameworksBuildPhase section */
		6A50B63F24B6559B00C208E9 /* Frameworks */ = {
			isa = PBXFrameworksBuildPhase;
			buildActionMask = 2147483647;
			files = (
			);
			runOnlyForDeploymentPostprocessing = 0;
		};
/* End PBXFrameworksBuildPhase section */

/* Begin PBXGroup section */
		6A50B63924B6559B00C208E9 = {
			isa = PBXGroup;
			children = (
				6A6D8AF524B6AF7500F94A43 /* icons8-back-50.png */,
				6A620B9824B68CDD001A918D /* images */,
				6A50B64424B6559B00C208E9 /* LibriM */,
				6A50B64324B6559B00C208E9 /* Products */,
				6A620B9624B685C4001A918D /* icons8-open-book-100.png */,
			);
			sourceTree = "<group>";
		};
		6A50B64324B6559B00C208E9 /* Products */ = {
			isa = PBXGroup;
			children = (
				6A50B64224B6559B00C208E9 /* LibriM.app */,
			);
			name = Products;
			sourceTree = "<group>";
		};
		6A50B64424B6559B00C208E9 /* LibriM */ = {
			isa = PBXGroup;
			children = (
				6A6D8AF024B6A8E900F94A43 /* Storyboards */,
				6A50B64524B6559B00C208E9 /* AppDelegate.swift */,
				6A50B64724B6559B00C208E9 /* ViewController.swift */,
				6A50B64C24B6559B00C208E9 /* Assets.xcassets */,
				6A50B65124B6559B00C208E9 /* Info.plist */,
			);
			path = LibriM;
			sourceTree = "<group>";
		};
		6A620B9824B68CDD001A918D /* images */ = {
			isa = PBXGroup;
			children = (
				6A6D8AF724B6AF7A00F94A43 /* icons8-back-50.png */,
				6A620B9924B68CE3001A918D /* icons8-open-book-100.png */,
				6A620B9E24B6917B001A918D /* b79903ebc370102ad05c29d79ee5a01d.jpg */,
				6A6D8AED24B6986F00F94A43 /* 107375147_272833843994700_6099924732379269589_n.jpg */,
				6A6D8AEB24B694D900F94A43 /* books-xl.png */,
			);
			path = images;
			sourceTree = "<group>";
		};
		6A6D8AF024B6A8E900F94A43 /* Storyboards */ = {
			isa = PBXGroup;
			children = (
				6A50B64924B6559B00C208E9 /* Main.storyboard */,
				6A50B64E24B6559B00C208E9 /* LaunchScreen.storyboard */,
				6A6D8AF124B6A92D00F94A43 /* Lista.storyboard */,
				6A6D8AF324B6AB6E00F94A43 /* ShtoLibrin.storyboard */,
			);
			path = Storyboards;
			sourceTree = "<group>";
		};
/* End PBXGroup section */

/* Begin PBXNativeTarget section */
		6A50B64124B6559B00C208E9 /* LibriM */ = {
			isa = PBXNativeTarget;
			buildConfigurationList = 6A50B65424B6559B00C208E9 /* Build configuration list for PBXNativeTarget "LibriM" */;
			buildPhases = (
				6A50B63E24B6559B00C208E9 /* Sources */,
				6A50B63F24B6559B00C208E9 /* Frameworks */,
				6A50B64024B6559B00C208E9 /* Resources */,
			);
			buildRules = (
			);
			dependencies = (
			);
			name = LibriM;
			productName = LibriM;
			productReference = 6A50B64224B6559B00C208E9 /* LibriM.app */;
			productType = "com.apple.product-type.application";
		};
/* End PBXNativeTarget section */

/* Begin PBXProject section */
		6A50B63A24B6559B00C208E9 /* Project object */ = {
			isa = PBXProject;
			attributes = {
				LastSwiftUpdateCheck = 0920;
				LastUpgradeCheck = 0920;
				ORGANIZATIONNAME = "Endrit Bajrami";
				TargetAttributes = {
					6A50B64124B6559B00C208E9 = {
						CreatedOnToolsVersion = 9.2;
						ProvisioningStyle = Automatic;
					};
				};
			};
			buildConfigurationList = 6A50B63D24B6559B00C208E9 /* Build configuration list for PBXProject "LibriM" */;
			compatibilityVersion = "Xcode 8.0";
			developmentRegion = en;
			hasScannedForEncodings = 0;
			knownRegions = (
				en,
				Base,
			);
			mainGroup = 6A50B63924B6559B00C208E9;
			productRefGroup = 6A50B64324B6559B00C208E9 /* Products */;
			projectDirPath = "";
			projectRoot = "";
			targets = (
				6A50B64124B6559B00C208E9 /* LibriM */,
			);
		};
/* End PBXProject section */

/* Begin PBXResourcesBuildPhase section */
		6A50B64024B6559B00C208E9 /* Resources */ = {
			isa = PBXResourcesBuildPhase;
			buildActionMask = 2147483647;
			files = (
				6A620B9724B685C4001A918D /* icons8-open-book-100.png in Resources */,
				6A6D8AF624B6AF7500F94A43 /* icons8-back-50.png in Resources */,
				6A50B65024B6559B00C208E9 /* LaunchScreen.storyboard in Resources */,
				6A620B9F24B6917B001A918D /* b79903ebc370102ad05c29d79ee5a01d.jpg in Resources */,
				6A50B64D24B6559B00C208E9 /* Assets.xcassets in Resources */,
				6A6D8AF224B6A92D00F94A43 /* Lista.storyboard in Resources */,
				6A6D8AEE24B6987000F94A43 /* 107375147_272833843994700_6099924732379269589_n.jpg in Resources */,
				6A6D8AF424B6AB6E00F94A43 /* ShtoLibrin.storyboard in Resources */,
				6A6D8AEC24B694D900F94A43 /* books-xl.png in Resources */,
				6A50B64B24B6559B00C208E9 /* Main.storyboard in Resources */,
			);
			runOnlyForDeploymentPostprocessing = 0;
		};
/* End PBXResourcesBuildPhase section */

/* Begin PBXSourcesBuildPhase section */
		6A50B63E24B6559B00C208E9 /* Sources */ = {
			isa = PBXSourcesBuildPhase;
			buildActionMask = 2147483647;
			files = (
				6A50B64824B6559B00C208E9 /* ViewController.swift in Sources */,
				6A50B64624B6559B00C208E9 /* AppDelegate.swift in Sources */,
			);
			runOnlyForDeploymentPostprocessing = 0;
		};
/* End PBXSourcesBuildPhase section */

/* Begin PBXVariantGroup section */
		6A50B64924B6559B00C208E9 /* Main.storyboard */ = {
			isa = PBXVariantGroup;
			children = (
				6A50B64A24B6559B00C208E9 /* Base */,
			);
			name = Main.storyboard;
			sourceTree = "<group>";
		};
		6A50B64E24B6559B00C208E9 /* LaunchScreen.storyboard */ = {
			isa = PBXVariantGroup;
			children = (
				6A50B64F24B6559B00C208E9 /* Base */,
			);
			name = LaunchScreen.storyboard;
			sourceTree = "<group>";
		};
/* End PBXVariantGroup section */

/* Begin XCBuildConfiguration section */
		6A50B65224B6559B00C208E9 /* Debug */ = {
			isa = XCBuildConfiguration;
			buildSettings = {
				ALWAYS_SEARCH_USER_PATHS = NO;
				CLANG_ANALYZER_NONNULL = YES;
				CLANG_ANALYZER_NUMBER_OBJECT_CONVERSION = YES_AGGRESSIVE;
				CLANG_CXX_LANGUAGE_STANDARD = "gnu++14";
				CLANG_CXX_LIBRARY = "libc++";
				CLANG_ENABLE_MODULES = YES;
				CLANG_ENABLE_OBJC_ARC = YES;
				CLANG_WARN_BLOCK_CAPTURE_AUTORELEASING = YES;
				CLANG_WARN_BOOL_CONVERSION = YES;
				CLANG_WARN_COMMA = YES;
				CLANG_WARN_CONSTANT_CONVERSION = YES;
				CLANG_WARN_DIRECT_OBJC_ISA_USAGE = YES_ERROR;
				CLANG_WARN_DOCUMENTATION_COMMENTS = YES;
				CLANG_WARN_EMPTY_BODY = YES;
				CLANG_WARN_ENUM_CONVERSION = YES;
				CLANG_WARN_INFINITE_RECURSION = YES;
				CLANG_WARN_INT_CONVERSION = YES;
				CLANG_WARN_NON_LITERAL_NULL_CONVERSION = YES;
				CLANG_WARN_OBJC_LITERAL_CONVERSION = YES;
				CLANG_WARN_OBJC_ROOT_CLASS = YES_ERROR;
				CLANG_WARN_RANGE_LOOP_ANALYSIS = YES;
				CLANG_WARN_STRICT_PROTOTYPES = YES;
				CLANG_WARN_SUSPICIOUS_MOVE = YES;
				CLANG_WARN_UNGUARDED_AVAILABILITY = YES_AGGRESSIVE;
				CLANG_WARN_UNREACHABLE_CODE = YES;
				CLANG_WARN__DUPLICATE_METHOD_MATCH = YES;
				CODE_SIGN_IDENTITY = "iPhone Developer";
				COPY_PHASE_STRIP = NO;
				DEBUG_INFORMATION_FORMAT = dwarf;
				ENABLE_STRICT_OBJC_MSGSEND = YES;
				ENABLE_TESTABILITY = YES;
				GCC_C_LANGUAGE_STANDARD = gnu11;
				GCC_DYNAMIC_NO_PIC = NO;
				GCC_NO_COMMON_BLOCKS = YES;
				GCC_OPTIMIZATION_LEVEL = 0;
				GCC_PREPROCESSOR_DEFINITIONS = (
					"DEBUG=1",
					"$(inherited)",
				);
				GCC_WARN_64_TO_32_BIT_CONVERSION = YES;
				GCC_WARN_ABOUT_RETURN_TYPE = YES_ERROR;
				GCC_WARN_UNDECLARED_SELECTOR = YES;
				GCC_WARN_UNINITIALIZED_AUTOS = YES_AGGRESSIVE;
				GCC_WARN_UNUSED_FUNCTION = YES;
				GCC_WARN_UNUSED_VARIABLE = YES;
				IPHONEOS_DEPLOYMENT_TARGET = 11.2;
				MTL_ENABLE_DEBUG_INFO = YES;
				ONLY_ACTIVE_ARCH = YES;
				SDKROOT = iphoneos;
				SWIFT_ACTIVE_COMPILATION_CONDITIONS = DEBUG;
				SWIFT_OPTIMIZATION_LEVEL = "-Onone";
			};
			name = Debug;
		};
		6A50B65324B6559B00C208E9 /* Release */ = {
			isa = XCBuildConfiguration;
			buildSettings = {
				ALWAYS_SEARCH_USER_PATHS = NO;
				CLANG_ANALYZER_NONNULL = YES;
				CLANG_ANALYZER_NUMBER_OBJECT_CONVERSION = YES_AGGRESSIVE;
				CLANG_CXX_LANGUAGE_STANDARD = "gnu++14";
				CLANG_CXX_LIBRARY = "libc++";
				CLANG_ENABLE_MODULES = YES;
				CLANG_ENABLE_OBJC_ARC = YES;
				CLANG_WARN_BLOCK_CAPTURE_AUTORELEASING = YES;
				CLANG_WARN_BOOL_CONVERSION = YES;
				CLANG_WARN_COMMA = YES;
				CLANG_WARN_CONSTANT_CONVERSION = YES;
				CLANG_WARN_DIRECT_OBJC_ISA_USAGE = YES_ERROR;
				CLANG_WARN_DOCUMENTATION_COMMENTS = YES;
				CLANG_WARN_EMPTY_BODY = YES;
				CLANG_WARN_ENUM_CONVERSION = YES;
				CLANG_WARN_INFINITE_RECURSION = YES;
				CLANG_WARN_INT_CONVERSION = YES;
				CLANG_WARN_NON_LITERAL_NULL_CONVERSION = YES;
				CLANG_WARN_OBJC_LITERAL_CONVERSION = YES;
				CLANG_WARN_OBJC_ROOT_CLASS = YES_ERROR;
				CLANG_WARN_RANGE_LOOP_ANALYSIS = YES;
				CLANG_WARN_STRICT_PROTOTYPES = YES;
				CLANG_WARN_SUSPICIOUS_MOVE = YES;
				CLANG_WARN_UNGUARDED_AVAILABILITY = YES_AGGRESSIVE;
				CLANG_WARN_UNREACHABLE_CODE = YES;
				CLANG_WARN__DUPLICATE_METHOD_MATCH = YES;
				CODE_SIGN_IDENTITY = "iPhone Developer";
				COPY_PHASE_STRIP = NO;
				DEBUG_INFORMATION_FORMAT = "dwarf-with-dsym";
				ENABLE_NS_ASSERTIONS = NO;
				ENABLE_STRICT_OBJC_MSGSEND = YES;
				GCC_C_LANGUAGE_STANDARD = gnu11;
				GCC_NO_COMMON_BLOCKS = YES;
				GCC_WARN_64_TO_32_BIT_CONVERSION = YES;
				GCC_WARN_ABOUT_RETURN_TYPE = YES_ERROR;
				GCC_WARN_UNDECLARED_SELECTOR = YES;
				GCC_WARN_UNINITIALIZED_AUTOS = YES_AGGRESSIVE;
				GCC_WARN_UNUSED_FUNCTION = YES;
				GCC_WARN_UNUSED_VARIABLE = YES;
				IPHONEOS_DEPLOYMENT_TARGET = 11.2;
				MTL_ENABLE_DEBUG_INFO = NO;
				SDKROOT = iphoneos;
				SWIFT_OPTIMIZATION_LEVEL = "-Owholemodule";
				VALIDATE_PRODUCT = YES;
			};
			name = Release;
		};
		6A50B65524B6559B00C208E9 /* Debug */ = {
			isa = XCBuildConfiguration;
			buildSettings = {
				ASSETCATALOG_COMPILER_APPICON_NAME = AppIcon;
				CODE_SIGN_STYLE = Automatic;
				DEVELOPMENT_TEAM = RKP75LJ6D4;
				INFOPLIST_FILE = LibriM/Info.plist;
				IPHONEOS_DEPLOYMENT_TARGET = 11.2;
				LD_RUNPATH_SEARCH_PATHS = "$(inherited) @executable_path/Frameworks";
				PRODUCT_BUNDLE_IDENTIFIER = com.fiek.LibriM;
				PRODUCT_NAME = "$(TARGET_NAME)";
				SWIFT_VERSION = 4.0;
				TARGETED_DEVICE_FAMILY = "1,2";
			};
			name = Debug;
		};
		6A50B65624B6559B00C208E9 /* Release */ = {
			isa = XCBuildConfiguration;
			buildSettings = {
				ASSETCATALOG_COMPILER_APPICON_NAME = AppIcon;
				CODE_SIGN_STYLE = Automatic;
				DEVELOPMENT_TEAM = RKP75LJ6D4;
				INFOPLIST_FILE = LibriM/Info.plist;
				IPHONEOS_DEPLOYMENT_TARGET = 11.2;
				LD_RUNPATH_SEARCH_PATHS = "$(inherited) @executable_path/Frameworks";
				PRODUCT_BUNDLE_IDENTIFIER = com.fiek.LibriM;
				PRODUCT_NAME = "$(TARGET_NAME)";
				SWIFT_VERSION = 4.0;
				TARGETED_DEVICE_FAMILY = "1,2";
			};
			name = Release;
		};
/* End XCBuildConfiguration section */

/* Begin XCConfigurationList section */
		6A50B63D24B6559B00C208E9 /* Build configuration list for PBXProject "LibriM" */ = {
			isa = XCConfigurationList;
			buildConfigurations = (
				6A50B65224B6559B00C208E9 /* Debug */,
				6A50B65324B6559B00C208E9 /* Release */,
			);
			defaultConfigurationIsVisible = 0;
			defaultConfigurationName = Release;
		};
		6A50B65424B6559B00C208E9 /* Build configuration list for PBXNativeTarget "LibriM" */ = {
			isa = XCConfigurationList;
			buildConfigurations = (
				6A50B65524B6559B00C208E9 /* Debug */,
				6A50B65624B6559B00C208E9 /* Release */,
			);
			defaultConfigurationIsVisible = 0;
			defaultConfigurationName = Release;
		};
/* End XCConfigurationList section */
	};
	rootObject = 6A50B63A24B6559B00C208E9 /* Project object */;
}
